
Microsoft Visual Studio Solution File, Format Version 12.00
# Visual Studio Version 16
VisualStudioVersion = 16.0.30717.126
MinimumVisualStudioVersion = 10.0.40219.1
Project("{FAE04EC0-301F-11D3-BF4B-00C04F79EFBC}") = "PECS2022.UWP", "PECS2022\PECS2022.UWP\PECS2022.UWP.csproj", "{A7AFA463-437B-4159-9217-F84BB581BE18}"
EndProject
Project("{FAE04EC0-301F-11D3-BF4B-00C04F79EFBC}") = "PECS2022.Android", "PECS2022\PECS2022.Android\PECS2022.Android.csproj", "{30A7CAED-EB4F-4E59-9D25-7A6D3BEB4DBC}"
EndProject
Project("{FAE04EC0-301F-11D3-BF4B-00C04F79EFBC}") = "PECS2022", "PECS2022\PECS2022\PECS2022.csproj", "{F2D4D0CF-B3A3-4064-80DA-C270E2D3572D}"
EndProject
Global
	GlobalSection(SolutionConfigurationPlatforms) = preSolution
		Debug|Any CPU = Debug|Any CPU
		Debug|ARM = Debug|ARM
		Debug|x64 = Debug|x64
		Debug|x86 = Debug|x86
		Release|Any CPU = Release|Any CPU
		Release|ARM = Release|ARM
		Release|x64 = Release|x64
		Release|x86 = Release|x86
	EndGlobalSection
	GlobalSection(ProjectConfigurationPlatforms) = postSolution
		{A7AFA463-437B-4159-9217-F84BB581BE18}.Debug|Any CPU.ActiveCfg = Debug|x86
		{A7AFA463-437B-4159-9217-F84BB581BE18}.Debug|Any CPU.Build.0 = Debug|x86
		{A7AFA463-437B-4159-9217-F84BB581BE18}.Debug|Any CPU.Deploy.0 = Debug|x86
		{A7AFA463-437B-4159-9217-F84BB581BE18}.Debug|ARM.ActiveCfg = Debug|ARM
		{A7AFA463-437B-4159-9217-F84BB581BE18}.Debug|ARM.Build.0 = Debug|ARM
		{A7AFA463-437B-4159-9217-F84BB581BE18}.Debug|ARM.Deploy.0 = Debug|ARM
		{A7AFA463-437B-4159-9217-F84BB581BE18}.Debug|x64.ActiveCfg = Debug|x64
		{A7AFA463-437B-4159-9217-F84BB581BE18}.Debug|x64.Build.0 = Debug|x64
		{A7AFA463-437B-4159-9217-F84BB581BE18}.Debug|x64.Deploy.0 = Debug|x64
		{A7AFA463-437B-4159-9217-F84BB581BE18}.Debug|x86.ActiveCfg = Debug|x86
		{A7AFA463-437B-4159-9217-F84BB581BE18}.Debug|x86.Build.0 = Debug|x86
		{A7AFA463-437B-4159-9217-F84BB581BE18}.Debug|x86.Deploy.0 = Debug|x86
		{A7AFA463-437B-4159-9217-F84BB581BE18}.Release|Any CPU.ActiveCfg = Release|x86
		{A7AFA463-437B-4159-9217-F84BB581BE18}.Release|Any CPU.Build.0 = Release|x86
		{A7AFA463-437B-4159-9217-F84BB581BE18}.Release|Any CPU.Deploy.0 = Release|x86
		{A7AFA463-437B-4159-9217-F84BB581BE18}.Release|ARM.ActiveCfg = Release|ARM
		{A7AFA463-437B-4159-9217-F84BB581BE18}.Release|ARM.Build.0 = Release|ARM
		{A7AFA463-437B-4159-9217-F84BB581BE18}.Release|ARM.Deploy.0 = Release|ARM
		{A7AFA463-437B-4159-9217-F84BB581BE18}.Release|x64.ActiveCfg = Release|x64
		{A7AFA463-437B-4159-9217-F84BB581BE18}.Release|x64.Build.0 = Release|x64
		{A7AFA463-437B-4159-9217-F84BB581BE18}.Release|x64.Deploy.0 = Release|x64
		{A7AFA463-437B-4159-9217-F84BB581BE18}.Release|x86.ActiveCfg = Release|x86
		{A7AFA463-437B-4159-9217-F84BB581BE18}.Release|x86.Build.0 = Release|x86
		{A7AFA463-437B-4159-9217-F84BB581BE18}.Release|x86.Deploy.0 = Release|x86
		{30A7CAED-EB4F-4E59-9D25-7A6D3BEB4DBC}.Debug|Any CPU.ActiveCfg = Debug|Any CPU
		{30A7CAED-EB4F-4E59-9D25-7A6D3BEB4DBC}.Debug|Any CPU.Build.0 = Debug|Any CPU
		{30A7CAED-EB4F-4E59-9D25-7A6D3BEB4DBC}.Debug|Any CPU.Deploy.0 = Debug|Any CPU
		{30A7CAED-EB4F-4E59-9D25-7A6D3BEB4DBC}.Debug|ARM.ActiveCfg = Debug|Any CPU
		{30A7CAED-EB4F-4E59-9D25-7A6D3BEB4DBC}.Debug|ARM.Build.0 = Debug|Any CPU
		{30A7CAED-EB4F-4E59-9D25-7A6D3BEB4DBC}.Debug|ARM.Deploy.0 = Debug|Any CPU
		{30A7CAED-EB4F-4E59-9D25-7A6D3BEB4DBC}.Debug|x64.ActiveCfg = Debug|Any CPU
		{30A7CAED-EB4F-4E59-9D25-7A6D3BEB4DBC}.Debug|x64.Build.0 = Debug|Any CPU
		{30A7CAED-EB4F-4E59-9D25-7A6D3BEB4DBC}.Debug|x64.Deploy.0 = Debug|Any CPU
		{30A7CAED-EB4F-4E59-9D25-7A6D3BEB4DBC}.Debug|x86.ActiveCfg = Debug|Any CPU
		{30A7CAED-EB4F-4E59-9D25-7A6D3BEB4DBC}.Debug|x86.Build.0 = Debug|Any CPU
		{30A7CAED-EB4F-4E59-9D25-7A6D3BEB4DBC}.Debug|x86.Deploy.0 = Debug|Any CPU
		{30A7CAED-EB4F-4E59-9D25-7A6D3BEB4DBC}.Release|Any CPU.ActiveCfg = Release|Any CPU
		{30A7CAED-EB4F-4E59-9D25-7A6D3BEB4DBC}.Release|Any CPU.Build.0 = Release|Any CPU
		{30A7CAED-EB4F-4E59-9D25-7A6D3BEB4DBC}.Release|Any CPU.Deploy.0 = Release|Any CPU
		{30A7CAED-EB4F-4E59-9D25-7A6D3BEB4DBC}.Release|ARM.ActiveCfg = Release|Any CPU
		{30A7CAED-EB4F-4E59-9D25-7A6D3BEB4DBC}.Release|ARM.Build.0 = Release|Any CPU
		{30A7CAED-EB4F-4E59-9D25-7A6D3BEB4DBC}.Release|ARM.Deploy.0 = Release|Any CPU
		{30A7CAED-EB4F-4E59-9D25-7A6D3BEB4DBC}.Release|x64.ActiveCfg = Release|Any CPU
		{30A7CAED-EB4F-4E59-9D25-7A6D3BEB4DBC}.Release|x64.Build.0 = Release|Any CPU
		{30A7CAED-EB4F-4E59-9D25-7A6D3BEB4DBC}.Release|x64.Deploy.0 = Release|Any CPU
		{30A7CAED-EB4F-4E59-9D25-7A6D3BEB4DBC}.Release|x86.ActiveCfg = Release|Any CPU
		{30A7CAED-EB4F-4E59-9D25-7A6D3BEB4DBC}.Release|x86.Build.0 = Release|Any CPU
		{30A7CAED-EB4F-4E59-9D25-7A6D3BEB4DBC}.Release|x86.Deploy.0 = Release|Any CPU
		{F2D4D0CF-B3A3-4064-80DA-C270E2D3572D}.Debug|Any CPU.ActiveCfg = Debug|Any CPU
		{F2D4D0CF-B3A3-4064-80DA-C270E2D3572D}.Debug|Any CPU.Build.0 = Debug|Any CPU
		{F2D4D0CF-B3A3-4064-80DA-C270E2D3572D}.Debug|Any CPU.Deploy.0 = Debug|Any CPU
		{F2D4D0CF-B3A3-4064-80DA-C270E2D3572D}.Debug|ARM.ActiveCfg = Debug|Any CPU
		{F2D4D0CF-B3A3-4064-80DA-C270E2D3572D}.Debug|ARM.Build.0 = Debug|Any CPU
		{F2D4D0CF-B3A3-4064-80DA-C270E2D3572D}.Debug|ARM.Deploy.0 = Debug|Any CPU
		{F2D4D0CF-B3A3-4064-80DA-C270E2D3572D}.Debug|x64.ActiveCfg = Debug|Any CPU
		{F2D4D0CF-B3A3-4064-80DA-C270E2D3572D}.Debug|x64.Build.0 = Debug|Any CPU
		{F2D4D0CF-B3A3-4064-80DA-C270E2D3572D}.Debug|x64.Deploy.0 = Debug|Any CPU
		{F2D4D0CF-B3A3-4064-80DA-C270E2D3572D}.Debug|x86.ActiveCfg = Debug|Any CPU
		{F2D4D0CF-B3A3-4064-80DA-C270E2D3572D}.Debug|x86.Build.0 = Debug|Any CPU
		{F2D4D0CF-B3A3-4064-80DA-C270E2D3572D}.Debug|x86.Deploy.0 = Debug|Any CPU
		{F2D4D0CF-B3A3-4064-80DA-C270E2D3572D}.Release|Any CPU.ActiveCfg = Release|Any CPU
		{F2D4D0CF-B3A3-4064-80DA-C270E2D3572D}.Release|Any CPU.Build.0 = Release|Any CPU
		{F2D4D0CF-B3A3-4064-80DA-C270E2D3572D}.Release|Any CPU.Deploy.0 = Release|Any CPU
		{F2D4D0CF-B3A3-4064-80DA-C270E2D3572D}.Release|ARM.ActiveCfg = Release|Any CPU
		{F2D4D0CF-B3A3-4064-80DA-C270E2D3572D}.Release|ARM.Build.0 = Release|Any CPU
		{F2D4D0CF-B3A3-4064-80DA-C270E2D3572D}.Release|ARM.Deploy.0 = Release|Any CPU
		{F2D4D0CF-B3A3-4064-80DA-C270E2D3572D}.Release|x64.ActiveCfg = Release|Any CPU
		{F2D4D0CF-B3A3-4064-80DA-C270E2D3572D}.Release|x64.Build.0 = Release|Any CPU
		{F2D4D0CF-B3A3-4064-80DA-C270E2D3572D}.Release|x64.Deploy.0 = Release|Any CPU
		{F2D4D0CF-B3A3-4064-80DA-C270E2D3572D}.Release|x86.ActiveCfg = Release|Any CPU
		{F2D4D0CF-B3A3-4064-80DA-C270E2D3572D}.Release|x86.Build.0 = Release|Any CPU
		{F2D4D0CF-B3A3-4064-80DA-C270E2D3572D}.Release|x86.Deploy.0 = Release|Any CPU
	EndGlobalSection
	GlobalSection(SolutionProperties) = preSolution
		HideSolutionNode = FALSE
	EndGlobalSection
	GlobalSection(ExtensibilityGlobals) = postSolution
		SolutionGuid = {D3488327-4066-474F-BF47-DA65F588569B}
	EndGlobalSection
EndGlobal
